{
  "name": "flexiday-showreel",
  "lockfileVersion": 3,
  "requires": true,
  "packages": {
    "": {
      "name": "flexiday-showreel",
      "devDependencies": {
        "@expo-google-fonts/bricolage-grotesque": "^0.4.1",
        "@expo-google-fonts/hanken-grotesk": "^0.4.3",
        "@expo-google-fonts/instrument-serif": "^0.4.1",
        "playwright-core": "^1.63.0"
      }
    },
    "node_modules/@expo-google-fonts/bricolage-grotesque": {
      "version": "0.4.1",
      "resolved": "https://registry.npmjs.org/@expo-google-fonts/bricolage-grotesque/-/bricolage-grotesque-0.4.1.tgz",
      "integrity": "sha512-uijLLg+thOrFgw+gXtYA3dQJTBqqqleabcNFpamaYXqUUcbFe0J18C+4nfL0CyGzSJUicxUBLY4Zv7jdHmTGMA==",
      "dev": true,
      "license": "MIT AND OFL-1.1"
    },
    "node_modules/@expo-google-fonts/hanken-grotesk": {
      "version": "0.4.3",
      "resolved": "https://registry.npmjs.org/@expo-google-fonts/hanken-grotesk/-/hanken-grotesk-0.4.3.tgz",
      "integrity": "sha512-TZn/Ux+nCxEjG/zAenCFbEhOAPxSXN3lo2YU2jHcPsNBPFeicm8feQStL81igJuAwJLCn62VvEOdTtmVEBDl0g==",
      "dev": true,
      "license": "MIT AND OFL-1.1"
    },
    "node_modules/@expo-google-fonts/instrument-serif": {
      "version": "0.4.1",
      "resolved": "https://registry.npmjs.org/@expo-google-fonts/instrument-serif/-/instrument-serif-0.4.1.tgz",
      "integrity": "sha512-1CgCrLbTSgE7RV8ZrTT7i06UAyNQDBrhxQuxkReNnfq5yvUhTmvpOK17grlEsXG5p04lJ1ZXGiIjPeHo6X0sXg==",
      "dev": true,
      "license": "MIT AND OFL-1.1"
    },
    "node_modules/playwright-core": {
      "version": "1.63.0",
      "resolved": "https://registry.npmjs.org/playwright-core/-/playwright-core-1.63.0.tgz",
      "integrity": "sha512-rYCsBF/M5HjUch52bbtVONEFjv6Xu8sm8h72dNlR5bzIE1fvC/bxgspzkjSfU+MweEMmPM8KJebG6nnyxo5mCg==",
      "dev": true,
      "license": "Apache-2.0",
      "bin": {
        "playwright-core": "cli.js"
      },
      "engines": {
        "node": ">=20"
      }
    }
  }
}
